
Microsoft Visual Studio Solution File, Format Version 12.00
# Visual Studio Version 17
VisualStudioVersion = 17.4.33213.308
MinimumVisualStudioVersion = 10.0.40219.1
Project("{FAE04EC0-301F-11D3-BF4B-00C04F79EFBC}") = "test", "test\test.csproj", "{4AF9E5BF-23B3-4C65-99CA-413E2B4A0E08}"
EndProject
Global
	GlobalSection(SolutionConfigurationPlatforms) = preSolution
		Debug|Any CPU = Debug|Any CPU
		Release|Any CPU = Release|Any CPU
	EndGlobalSection
	GlobalSection(ProjectConfigurationPlatforms) = postSolution
		{4AF9E5BF-23B3-4C65-99CA-413E2B4A0E08}.Debug|Any CPU.ActiveCfg = Debug|Any CPU
		{4AF9E5BF-23B3-4C65-99CA-413E2B4A0E08}.Debug|Any CPU.Build.0 = Debug|Any CPU
		{4AF9E5BF-23B3-4C65-99CA-413E2B4A0E08}.Release|Any CPU.ActiveCfg = Release|Any CPU
		{4AF9E5BF-23B3-4C65-99CA-413E2B4A0E08}.Release|Any CPU.Build.0 = Release|Any CPU
	EndGlobalSection
	GlobalSection(SolutionProperties) = preSolution
		HideSolutionNode = FALSE
	EndGlobalSection
	GlobalSection(ExtensibilityGlobals) = postSolution
		SolutionGuid = {33C732D8-E1E2-439B-BD12-BCC7073C5723}
	EndGlobalSection
EndGlobal
